// !$*UTF8*$!
{
	archiveVersion = 1;
	classes = {
	};
	objectVersion = 46;
	objects = {

/* Begin PBXBuildFile section */
		0A58B0BF1F1EA3C8000807FA /* en.lproj in Resources */ = {isa = PBXBuildFile; fileRef = 0A58B0BE1F1EA3C8000807FA /* en.lproj */; };
		0A58B0C11F1EA3EC000807FA /* es.lproj in Resources */ = {isa = PBXBuildFile; fileRef = 0A58B0C01F1EA3EC000807FA /* es.lproj */; };
		0A7A37A81F1BD18F00A2EF54 /* AppDelegate.swift in Sources */ = {isa = PBXBuildFile; fileRef = 0A7A37A71F1BD18F00A2EF54 /* AppDelegate.swift */; };
		0A7A37AA1F1BD18F00A2EF54 /* QuizViewController.swift in Sources */ = {isa = PBXBuildFile; fileRef = 0A7A37A91F1BD18F00A2EF54 /* QuizViewController.swift */; };
		0A7A37AC1F1BD18F00A2EF54 /* MapViewController.swift in Sources */ = {isa = PBXBuildFile; fileRef = 0A7A37AB1F1BD18F00A2EF54 /* MapViewController.swift */; };
		0A7A37AF1F1BD18F00A2EF54 /* Main.storyboard in Resources */ = {isa = PBXBuildFile; fileRef = 0A7A37AD1F1BD18F00A2EF54 /* Main.storyboard */; };
		0A7A37B11F1BD18F00A2EF54 /* Assets.xcassets in Resources */ = {isa = PBXBuildFile; fileRef = 0A7A37B01F1BD18F00A2EF54 /* Assets.xcassets */; };
		0A7A37B41F1BD18F00A2EF54 /* LaunchScreen.storyboard in Resources */ = {isa = PBXBuildFile; fileRef = 0A7A37B21F1BD18F00A2EF54 /* LaunchScreen.storyboard */; };
/* End PBXBuildFile section */

/* Begin PBXFileReference section */
		0A58B0BB1F1E9FAC000807FA /* en */ = {isa = PBXFileReference; lastKnownFileType = text.plist.strings; name = en; path = en.lproj/Main.strings; sourceTree = "<group>"; };
		0A58B0BC1F1E9FE2000807FA /* es */ = {isa = PBXFileReference; lastKnownFileType = text.plist.strings; name = es; path = es.lproj/Main.strings; sourceTree = "<group>"; };
		0A58B0BD1F1E9FE2000807FA /* es */ = {isa = PBXFileReference; lastKnownFileType = text.plist.strings; name = es; path = es.lproj/LaunchScreen.strings; sourceTree = "<group>"; };
		0A58B0BE1F1EA3C8000807FA /* en.lproj */ = {isa = PBXFileReference; lastKnownFileType = folder; path = en.lproj; sourceTree = "<group>"; };
		0A58B0C01F1EA3EC000807FA /* es.lproj */ = {isa = PBXFileReference; lastKnownFileType = folder; path = es.lproj; sourceTree = "<group>"; };
		0A7A37A41F1BD18F00A2EF54 /* Project.app */ = {isa = PBXFileReference; explicitFileType = wrapper.application; includeInIndex = 0; path = Project.app; sourceTree = BUILT_PRODUCTS_DIR; };
		0A7A37A71F1BD18F00A2EF54 /* AppDelegate.swift */ = {isa = PBXFileReference; lastKnownFileType = sourcecode.swift; path = AppDelegate.swift; sourceTree = "<group>"; };
		0A7A37A91F1BD18F00A2EF54 /* QuizViewController.swift */ = {isa = PBXFileReference; lastKnownFileType = sourcecode.swift; path = QuizViewController.swift; sourceTree = "<group>"; };
		0A7A37AB1F1BD18F00A2EF54 /* MapViewController.swift */ = {isa = PBXFileReference; lastKnownFileType = sourcecode.swift; path = MapViewController.swift; sourceTree = "<group>"; };
		0A7A37AE1F1BD18F00A2EF54 /* Base */ = {isa = PBXFileReference; lastKnownFileType = file.storyboard; name = Base; path = Base.lproj/Main.storyboard; sourceTree = "<group>"; };
		0A7A37B01F1BD18F00A2EF54 /* Assets.xcassets */ = {isa = PBXFileReference; lastKnownFileType = folder.assetcatalog; path = Assets.xcassets; sourceTree = "<group>"; };
		0A7A37B31F1BD18F00A2EF54 /* Base */ = {isa = PBXFileReference; lastKnownFileType = file.storyboard; name = Base; path = Base.lproj/LaunchScreen.storyboard; sourceTree = "<group>"; };
		0A7A37B51F1BD18F00A2EF54 /* Info.plist */ = {isa = PBXFileReference; lastKnownFileType = text.plist.xml; path = Info.plist; sourceTree = "<group>"; };
/* End PBXFileReference section */

/* Begin PBXFrameworksBuildPhase section */
		0A7A37A11F1BD18F00A2EF54 /* Frameworks */ = {
			isa = PBXFrameworksBuildPhase;
			buildActionMask = 2147483647;
			files = (
			);
			runOnlyForDeploymentPostprocessing = 0;
		};
/* End PBXFrameworksBuildPhase section */

/* Begin PBXGroup section */
		0A7A379B1F1BD18E00A2EF54 = {
			isa = PBXGroup;
			children = (
				0A7A37A61F1BD18F00A2EF54 /* Project */,
				0A7A37A51F1BD18F00A2EF54 /* Products */,
			);
			sourceTree = "<group>";
		};
		0A7A37A51F1BD18F00A2EF54 /* Products */ = {
			isa = PBXGroup;
			children = (
				0A7A37A41F1BD18F00A2EF54 /* Project.app */,
			);
			name = Products;
			sourceTree = "<group>";
		};
		0A7A37A61F1BD18F00A2EF54 /* Project */ = {
			isa = PBXGroup;
			children = (
				0A7A37A71F1BD18F00A2EF54 /* AppDelegate.swift */,
				0A7A37A91F1BD18F00A2EF54 /* QuizViewController.swift */,
				0A58B0C01F1EA3EC000807FA /* es.lproj */,
				0A58B0BE1F1EA3C8000807FA /* en.lproj */,
				0A7A37AB1F1BD18F00A2EF54 /* MapViewController.swift */,
				0A7A37AD1F1BD18F00A2EF54 /* Main.storyboard */,
				0A7A37B01F1BD18F00A2EF54 /* Assets.xcassets */,
				0A7A37B21F1BD18F00A2EF54 /* LaunchScreen.storyboard */,
				0A7A37B51F1BD18F00A2EF54 /* Info.plist */,
			);
			path = Project;
			sourceTree = "<group>";
		};
/* End PBXGroup section */

/* Begin PBXNativeTarget section */
		0A7A37A31F1BD18F00A2EF54 /* Project */ = {
			isa = PBXNativeTarget;
			buildConfigurationList = 0A7A37B81F1BD18F00A2EF54 /* Build configuration list for PBXNativeTarget "Project" */;
			buildPhases = (
				0A7A37A01F1BD18F00A2EF54 /* Sources */,
				0A7A37A11F1BD18F00A2EF54 /* Frameworks */,
				0A7A37A21F1BD18F00A2EF54 /* Resources */,
			);
			buildRules = (
			);
			dependencies = (
			);
			name = Project;
			productName = Project;
			productReference = 0A7A37A41F1BD18F00A2EF54 /* Project.app */;
			productType = "com.apple.product-type.application";
		};
/* End PBXNativeTarget section */

/* Begin PBXProject section */
		0A7A379C1F1BD18E00A2EF54 /* Project object */ = {
			isa = PBXProject;
			attributes = {
				LastSwiftUpdateCheck = 0830;
				LastUpgradeCheck = 1120;
				ORGANIZATIONNAME = "Kennedy Bowman";
				TargetAttributes = {
					0A7A37A31F1BD18F00A2EF54 = {
						CreatedOnToolsVersion = 8.3.2;
						DevelopmentTeam = 5E29GNEBT8;
						ProvisioningStyle = Automatic;
					};
				};
			};
			buildConfigurationList = 0A7A379F1F1BD18E00A2EF54 /* Build configuration list for PBXProject "Project" */;
			compatibilityVersion = "Xcode 3.2";
			developmentRegion = en;
			hasScannedForEncodings = 0;
			knownRegions = (
				en,
				Base,
				es,
			);
			mainGroup = 0A7A379B1F1BD18E00A2EF54;
			productRefGroup = 0A7A37A51F1BD18F00A2EF54 /* Products */;
			projectDirPath = "";
			projectRoot = "";
			targets = (
				0A7A37A31F1BD18F00A2EF54 /* Project */,
			);
		};
/* End PBXProject section */

/* Begin PBXResourcesBuildPhase section */
		0A7A37A21F1BD18F00A2EF54 /* Resources */ = {
			isa = PBXResourcesBuildPhase;
			buildActionMask = 2147483647;
			files = (
				0A58B0BF1F1EA3C8000807FA /* en.lproj in Resources */,
				0A7A37B41F1BD18F00A2EF54 /* LaunchScreen.storyboard in Resources */,
				0A7A37B11F1BD18F00A2EF54 /* Assets.xcassets in Resources */,
				0A58B0C11F1EA3EC000807FA /* es.lproj in Resources */,
				0A7A37AF1F1BD18F00A2EF54 /* Main.storyboard in Resources */,
			);
			runOnlyForDeploymentPostprocessing = 0;
		};
/* End PBXResourcesBuildPhase section */

/* Begin PBXSourcesBuildPhase section */
		0A7A37A01F1BD18F00A2EF54 /* Sources */ = {
			isa = PBXSourcesBuildPhase;
			buildActionMask = 2147483647;
			files = (
				0A7A37AC1F1BD18F00A2EF54 /* MapViewController.swift in Sources */,
				0A7A37A81F1BD18F00A2EF54 /* AppDelegate.swift in Sources */,
				0A7A37AA1F1BD18F00A2EF54 /* QuizViewController.swift in Sources */,
			);
			runOnlyForDeploymentPostprocessing = 0;
		};
/* End PBXSourcesBuildPhase section */

/* Begin PBXVariantGroup section */
		0A7A37AD1F1BD18F00A2EF54 /* Main.storyboard */ = {
			isa = PBXVariantGroup;
			children = (
				0A7A37AE1F1BD18F00A2EF54 /* Base */,
				0A58B0BB1F1E9FAC000807FA /* en */,
				0A58B0BC1F1E9FE2000807FA /* es */,
			);
			name = Main.storyboard;
			sourceTree = "<group>";
		};
		0A7A37B21F1BD18F00A2EF54 /* LaunchScreen.storyboard */ = {
			isa = PBXVariantGroup;
			children = (
				0A7A37B31F1BD18F00A2EF54 /* Base */,
				0A58B0BD1F1E9FE2000807FA /* es */,
			);
			name = LaunchScreen.storyboard;
			sourceTree = "<group>";
		};
/* End PBXVariantGroup section */

/* Begin XCBuildConfiguration section */
		0A7A37B61F1BD18F00A2EF54 /* Debug */ = {
			isa = XCBuildConfiguration;
			buildSettings = {
				ALWAYS_SEARCH_USER_PATHS = NO;
				CLANG_ANALYZER_LOCALIZABILITY_NONLOCALIZED = YES;
				CLANG_ANALYZER_NONNULL = YES;
				CLANG_ANALYZER_NUMBER_OBJECT_CONVERSION = YES_AGGRESSIVE;
				CLANG_CXX_LANGUAGE_STANDARD = "gnu++0x";
				CLANG_CXX_LIBRARY = "libc++";
				CLANG_ENABLE_MODULES = YES;
				CLANG_ENABLE_OBJC_ARC = YES;
				CLANG_WARN_BLOCK_CAPTURE_AUTORELEASING = YES;
				CLANG_WARN_BOOL_CONVERSION = YES;
				CLANG_WARN_COMMA = YES;
				CLANG_WARN_CONSTANT_CONVERSION = YES;
				CLANG_WARN_DEPRECATED_OBJC_IMPLEMENTATIONS = YES;
				CLANG_WARN_DIRECT_OBJC_ISA_USAGE = YES_ERROR;
				CLANG_WARN_DOCUMENTATION_COMMENTS = YES;
				CLANG_WARN_EMPTY_BODY = YES;
				CLANG_WARN_ENUM_CONVERSION = YES;
				CLANG_WARN_INFINITE_RECURSION = YES;
				CLANG_WARN_INT_CONVERSION = YES;
				CLANG_WARN_NON_LITERAL_NULL_CONVERSION = YES;
				CLANG_WARN_OBJC_IMPLICIT_RETAIN_SELF = YES;
				CLANG_WARN_OBJC_LITERAL_CONVERSION = YES;
				CLANG_WARN_OBJC_ROOT_CLASS = YES_ERROR;
				CLANG_WARN_RANGE_LOOP_ANALYSIS = YES;
				CLANG_WARN_STRICT_PROTOTYPES = YES;
				CLANG_WARN_SUSPICIOUS_MOVE = YES;
				CLANG_WARN_UNREACHABLE_CODE = YES;
				CLANG_WARN__DUPLICATE_METHOD_MATCH = YES;
				"CODE_SIGN_IDENTITY[sdk=iphoneos*]" = "iPhone Developer";
				COPY_PHASE_STRIP = NO;
				DEBUG_INFORMATION_FORMAT = dwarf;
				ENABLE_STRICT_OBJC_MSGSEND = YES;
				ENABLE_TESTABILITY = YES;
				GCC_C_LANGUAGE_STANDARD = gnu99;
				GCC_DYNAMIC_NO_PIC = NO;
				GCC_NO_COMMON_BLOCKS = YES;
				GCC_OPTIMIZATION_LEVEL = 0;
				GCC_PREPROCESSOR_DEFINITIONS = (
					"DEBUG=1",
					"$(inherited)",
				);
				GCC_WARN_64_TO_32_BIT_CONVERSION = YES;
				GCC_WARN_ABOUT_RETURN_TYPE = YES_ERROR;
				GCC_WARN_UNDECLARED_SELECTOR = YES;
				GCC_WARN_UNINITIALIZED_AUTOS = YES_AGGRESSIVE;
				GCC_WARN_UNUSED_FUNCTION = YES;
				GCC_WARN_UNUSED_VARIABLE = YES;
				IPHONEOS_DEPLOYMENT_TARGET = 10.3;
				MTL_ENABLE_DEBUG_INFO = YES;
				ONLY_ACTIVE_ARCH = YES;
				SDKROOT = iphoneos;
				SWIFT_ACTIVE_COMPILATION_CONDITIONS = DEBUG;
				SWIFT_OPTIMIZATION_LEVEL = "-Onone";
			};
			name = Debug;
		};
		0A7A37B71F1BD18F00A2EF54 /* Release */ = {
			isa = XCBuildConfiguration;
			buildSettings = {
				ALWAYS_SEARCH_USER_PATHS = NO;
				CLANG_ANALYZER_LOCALIZABILITY_NONLOCALIZED = YES;
				CLANG_ANALYZER_NONNULL = YES;
				CLANG_ANALYZER_NUMBER_OBJECT_CONVERSION = YES_AGGRESSIVE;
				CLANG_CXX_LANGUAGE_STANDARD = "gnu++0x";
				CLANG_CXX_LIBRARY = "libc++";
				CLANG_ENABLE_MODULES = YES;
				CLANG_ENABLE_OBJC_ARC = YES;
				CLANG_WARN_BLOCK_CAPTURE_AUTORELEASING = YES;
				CLANG_WARN_BOOL_CONVERSION = YES;
				CLANG_WARN_COMMA = YES;
				CLANG_WARN_CONSTANT_CONVERSION = YES;
				CLANG_WARN_DEPRECATED_OBJC_IMPLEMENTATIONS = YES;
				CLANG_WARN_DIRECT_OBJC_ISA_USAGE = YES_ERROR;
				CLANG_WARN_DOCUMENTATION_COMMENTS = YES;
				CLANG_WARN_EMPTY_BODY = YES;
				CLANG_WARN_ENUM_CONVERSION = YES;
				CLANG_WARN_INFINITE_RECURSION = YES;
				CLANG_WARN_INT_CONVERSION = YES;
				CLANG_WARN_NON_LITERAL_NULL_CONVERSION = YES;
				CLANG_WARN_OBJC_IMPLICIT_RETAIN_SELF = YES;
				CLANG_WARN_OBJC_LITERAL_CONVERSION = YES;
				CLANG_WARN_OBJC_ROOT_CLASS = YES_ERROR;
				CLANG_WARN_RANGE_LOOP_ANALYSIS = YES;
				CLANG_WARN_STRICT_PROTOTYPES = YES;
				CLANG_WARN_SUSPICIOUS_MOVE = YES;
				CLANG_WARN_UNREACHABLE_CODE = YES;
				CLANG_WARN__DUPLICATE_METHOD_MATCH = YES;
				"CODE_SIGN_IDENTITY[sdk=iphoneos*]" = "iPhone Developer";
				COPY_PHASE_STRIP = NO;
				DEBUG_INFORMATION_FORMAT = "dwarf-with-dsym";
				ENABLE_NS_ASSERTIONS = NO;
				ENABLE_STRICT_OBJC_MSGSEND = YES;
				GCC_C_LANGUAGE_STANDARD = gnu99;
				GCC_NO_COMMON_BLOCKS = YES;
				GCC_WARN_64_TO_32_BIT_CONVERSION = YES;
				GCC_WARN_ABOUT_RETURN_TYPE = YES_ERROR;
				GCC_WARN_UNDECLARED_SELECTOR = YES;
				GCC_WARN_UNINITIALIZED_AUTOS = YES_AGGRESSIVE;
				GCC_WARN_UNUSED_FUNCTION = YES;
				GCC_WARN_UNUSED_VARIABLE = YES;
				IPHONEOS_DEPLOYMENT_TARGET = 10.3;
				MTL_ENABLE_DEBUG_INFO = NO;
				SDKROOT = iphoneos;
				SWIFT_OPTIMIZATION_LEVEL = "-Owholemodule";
				VALIDATE_PRODUCT = YES;
			};
			name = Release;
		};
		0A7A37B91F1BD18F00A2EF54 /* Debug */ = {
			isa = XCBuildConfiguration;
			buildSettings = {
				ASSETCATALOG_COMPILER_APPICON_NAME = AppIcon;
				DEVELOPMENT_TEAM = 5E29GNEBT8;
				INFOPLIST_FILE = Project/Info.plist;
				LD_RUNPATH_SEARCH_PATHS = "$(inherited) @executable_path/Frameworks";
				PRODUCT_BUNDLE_IDENTIFIER = edu.louisville.cecs.Project;
				PRODUCT_NAME = "$(TARGET_NAME)";
				SWIFT_VERSION = 5.0;
			};
			name = Debug;
		};
		0A7A37BA1F1BD18F00A2EF54 /* Release */ = {
			isa = XCBuildConfiguration;
			buildSettings = {
				ASSETCATALOG_COMPILER_APPICON_NAME = AppIcon;
				DEVELOPMENT_TEAM = 5E29GNEBT8;
				INFOPLIST_FILE = Project/Info.plist;
				LD_RUNPATH_SEARCH_PATHS = "$(inherited) @executable_path/Frameworks";
				PRODUCT_BUNDLE_IDENTIFIER = edu.louisville.cecs.Project;
				PRODUCT_NAME = "$(TARGET_NAME)";
				SWIFT_VERSION = 5.0;
			};
			name = Release;
		};
/* End XCBuildConfiguration section */

/* Begin XCConfigurationList section */
		0A7A379F1F1BD18E00A2EF54 /* Build configuration list for PBXProject "Project" */ = {
			isa = XCConfigurationList;
			buildConfigurations = (
				0A7A37B61F1BD18F00A2EF54 /* Debug */,
				0A7A37B71F1BD18F00A2EF54 /* Release */,
			);
			defaultConfigurationIsVisible = 0;
			defaultConfigurationName = Release;
		};
		0A7A37B81F1BD18F00A2EF54 /* Build configuration list for PBXNativeTarget "Project" */ = {
			isa = XCConfigurationList;
			buildConfigurations = (
				0A7A37B91F1BD18F00A2EF54 /* Debug */,
				0A7A37BA1F1BD18F00A2EF54 /* Release */,
			);
			defaultConfigurationIsVisible = 0;
			defaultConfigurationName = Release;
		};
/* End XCConfigurationList section */
	};
	rootObject = 0A7A379C1F1BD18E00A2EF54 /* Project object */;
}
